
Microsoft Visual Studio Solution File, Format Version 12.00
# Visual Studio Version 17
VisualStudioVersion = 17.1.32210.238
MinimumVisualStudioVersion = 10.0.40219.1
Project("{FAE04EC0-301F-11D3-BF4B-00C04F79EFBC}") = "BussinessRulesDLL", "BussinessRulesDLL\BussinessRulesDLL.csproj", "{7496A737-9AFB-44FD-AF7C-E9E441CECF75}"
EndProject
Project("{FAE04EC0-301F-11D3-BF4B-00C04F79EFBC}") = "DadosDLL", "DadosDLL\DadosDLL.csproj", "{472936C4-D161-4759-9E9D-904972553355}"
EndProject
Project("{FAE04EC0-301F-11D3-BF4B-00C04F79EFBC}") = "ExcepcoesDLL", "ExcepcoesDLL\ExcepcoesDLL.csproj", "{5415918B-A16D-4610-A19D-792519710CB5}"
EndProject
Project("{FAE04EC0-301F-11D3-BF4B-00C04F79EFBC}") = "Frontend", "GerirCalamidade\Frontend.csproj", "{CCEF463E-D24B-41C2-951E-29E393564589}"
EndProject
Project("{FAE04EC0-301F-11D3-BF4B-00C04F79EFBC}") = "InterfacesDLL", "InterfacesDLL\InterfacesDLL.csproj", "{2EFD47AD-6F99-46E9-BD55-5278C6ABB544}"
EndProject
Project("{FAE04EC0-301F-11D3-BF4B-00C04F79EFBC}") = "BussinessObjectDLL", "BussinessObjectDLL\BussinessObjectDLL.csproj", "{C62120D5-3DAA-42A2-8300-85C363826C4F}"
EndProject
Global
	GlobalSection(SolutionConfigurationPlatforms) = preSolution
		Debug|Any CPU = Debug|Any CPU
		Release|Any CPU = Release|Any CPU
	EndGlobalSection
	GlobalSection(ProjectConfigurationPlatforms) = postSolution
		{7496A737-9AFB-44FD-AF7C-E9E441CECF75}.Debug|Any CPU.ActiveCfg = Debug|Any CPU
		{7496A737-9AFB-44FD-AF7C-E9E441CECF75}.Debug|Any CPU.Build.0 = Debug|Any CPU
		{7496A737-9AFB-44FD-AF7C-E9E441CECF75}.Release|Any CPU.ActiveCfg = Release|Any CPU
		{7496A737-9AFB-44FD-AF7C-E9E441CECF75}.Release|Any CPU.Build.0 = Release|Any CPU
		{472936C4-D161-4759-9E9D-904972553355}.Debug|Any CPU.ActiveCfg = Debug|Any CPU
		{472936C4-D161-4759-9E9D-904972553355}.Debug|Any CPU.Build.0 = Debug|Any CPU
		{472936C4-D161-4759-9E9D-904972553355}.Release|Any CPU.ActiveCfg = Release|Any CPU
		{472936C4-D161-4759-9E9D-904972553355}.Release|Any CPU.Build.0 = Release|Any CPU
		{5415918B-A16D-4610-A19D-792519710CB5}.Debug|Any CPU.ActiveCfg = Debug|Any CPU
		{5415918B-A16D-4610-A19D-792519710CB5}.Debug|Any CPU.Build.0 = Debug|Any CPU
		{5415918B-A16D-4610-A19D-792519710CB5}.Release|Any CPU.ActiveCfg = Release|Any CPU
		{5415918B-A16D-4610-A19D-792519710CB5}.Release|Any CPU.Build.0 = Release|Any CPU
		{CCEF463E-D24B-41C2-951E-29E393564589}.Debug|Any CPU.ActiveCfg = Debug|Any CPU
		{CCEF463E-D24B-41C2-951E-29E393564589}.Debug|Any CPU.Build.0 = Debug|Any CPU
		{CCEF463E-D24B-41C2-951E-29E393564589}.Release|Any CPU.ActiveCfg = Release|Any CPU
		{CCEF463E-D24B-41C2-951E-29E393564589}.Release|Any CPU.Build.0 = Release|Any CPU
		{2EFD47AD-6F99-46E9-BD55-5278C6ABB544}.Debug|Any CPU.ActiveCfg = Debug|Any CPU
		{2EFD47AD-6F99-46E9-BD55-5278C6ABB544}.Debug|Any CPU.Build.0 = Debug|Any CPU
		{2EFD47AD-6F99-46E9-BD55-5278C6ABB544}.Release|Any CPU.ActiveCfg = Release|Any CPU
		{2EFD47AD-6F99-46E9-BD55-5278C6ABB544}.Release|Any CPU.Build.0 = Release|Any CPU
		{C62120D5-3DAA-42A2-8300-85C363826C4F}.Debug|Any CPU.ActiveCfg = Debug|Any CPU
		{C62120D5-3DAA-42A2-8300-85C363826C4F}.Debug|Any CPU.Build.0 = Debug|Any CPU
		{C62120D5-3DAA-42A2-8300-85C363826C4F}.Release|Any CPU.ActiveCfg = Release|Any CPU
		{C62120D5-3DAA-42A2-8300-85C363826C4F}.Release|Any CPU.Build.0 = Release|Any CPU
	EndGlobalSection
	GlobalSection(SolutionProperties) = preSolution
		HideSolutionNode = FALSE
	EndGlobalSection
	GlobalSection(ExtensibilityGlobals) = postSolution
		SolutionGuid = {A5DF56A0-C338-4BE8-802F-59D4145D3048}
	EndGlobalSection
EndGlobal
